
Microsoft Visual Studio Solution File, Format Version 12.00
# Visual Studio Version 17
VisualStudioVersion = 17.5.002.0
MinimumVisualStudioVersion = 10.0.40219.1
Project("{2150E333-8FDC-42A3-9474-1A3956D46DE8}") = "mslearn-ai-document-intelligence-main", "mslearn-ai-document-intelligence-main", "{0C7729C5-11FA-4167-88BE-90072D18E1B1}"
EndProject
Project("{2150E333-8FDC-42A3-9474-1A3956D46DE8}") = "Labfiles", "Labfiles", "{2C275D48-7EC9-497E-95E8-B6993B4C0409}"
EndProject
Project("{2150E333-8FDC-42A3-9474-1A3956D46DE8}") = "01-prebuild-models", "01-prebuild-models", "{5B8CEDE8-1586-472F-8552-08525CA84715}"
EndProject
Project("{9A19103F-16F7-4668-BE54-9A1E7A4F7556}") = "invoicereader", "mslearn-ai-document-intelligence-main\Labfiles\01-prebuild-models\CSharp\invoicereader.csproj", "{35CEFB33-787F-4658-8557-FC822A74F81D}"
EndProject
Project("{2150E333-8FDC-42A3-9474-1A3956D46DE8}") = "02-custom-document-intelligence", "02-custom-document-intelligence", "{F9D9CE30-825D-4418-8798-D8C339522D00}"
EndProject
Project("{9A19103F-16F7-4668-BE54-9A1E7A4F7556}") = "test-model", "mslearn-ai-document-intelligence-main\Labfiles\02-custom-document-intelligence\C-Sharp\test-model.csproj", "{0ED4715B-4097-45E5-8ACA-518FFF99854A}"
EndProject
Project("{2150E333-8FDC-42A3-9474-1A3956D46DE8}") = "mslearn-knowledge-mining-main", "mslearn-knowledge-mining-main", "{5A2210FD-D283-4F41-A73D-11BBA327D0EE}"
EndProject
Project("{2150E333-8FDC-42A3-9474-1A3956D46DE8}") = "Labfiles", "Labfiles", "{57732E4B-AD7D-4DD3-9196-CC4CC6ECC47A}"
EndProject
Project("{2150E333-8FDC-42A3-9474-1A3956D46DE8}") = "07-exercise-add-to-index-use-push-api lab-files", "07-exercise-add-to-index-use-push-api lab-files", "{555BC4B9-E778-493E-B75D-54A8A0E2CB21}"
EndProject
Project("{9A19103F-16F7-4668-BE54-9A1E7A4F7556}") = "OptimizeDataIndexing", "mslearn-knowledge-mining-main\Labfiles\07-exercise-add-to-index-use-push-api lab-files\OptimizeDataIndexing\OptimizeDataIndexing.csproj", "{4A3D1A7D-AB1B-4942-87DB-3E6481416E4E}"
EndProject
Project("{2150E333-8FDC-42A3-9474-1A3956D46DE8}") = "mslearn-openai-main", "mslearn-openai-main", "{3509BA82-109C-4197-B2C4-740A3297F563}"
EndProject
Project("{2150E333-8FDC-42A3-9474-1A3956D46DE8}") = "Labfiles", "Labfiles", "{1EBB291F-7EBA-418C-9575-46C7FD60D70E}"
EndProject
Project("{2150E333-8FDC-42A3-9474-1A3956D46DE8}") = "02-azure-openai-api", "02-azure-openai-api", "{20040D87-BF96-4BAC-8639-E46FA4D53B5E}"
EndProject
Project("{9A19103F-16F7-4668-BE54-9A1E7A4F7556}") = "CSharp", "mslearn-openai-main\Labfiles\02-azure-openai-api\CSharp\CSharp.csproj", "{28E9A999-1107-46B2-9764-514B855CA4D2}"
EndProject
Project("{2150E333-8FDC-42A3-9474-1A3956D46DE8}") = "03-prompt-engineering", "03-prompt-engineering", "{8C334381-B21C-4382-A00E-DD13C37BFB50}"
EndProject
Project("{9A19103F-16F7-4668-BE54-9A1E7A4F7556}") = "CSharp", "mslearn-openai-main\Labfiles\03-prompt-engineering\CSharp\CSharp.csproj", "{179ED1F6-631E-4404-BE4C-27F11FA86AC4}"
EndProject
Project("{2150E333-8FDC-42A3-9474-1A3956D46DE8}") = "04-code-generation", "04-code-generation", "{BAA1D9E2-B418-4B56-B88C-5263352B36BE}"
EndProject
Project("{9A19103F-16F7-4668-BE54-9A1E7A4F7556}") = "CSharp", "mslearn-openai-main\Labfiles\04-code-generation\CSharp\CSharp.csproj", "{4CEA521F-86C8-4228-B311-3B772BB4C397}"
EndProject
Project("{2150E333-8FDC-42A3-9474-1A3956D46DE8}") = "05-image-generation", "05-image-generation", "{6A0A5270-55F5-44C6-B742-C051786BDA1F}"
EndProject
Project("{9A19103F-16F7-4668-BE54-9A1E7A4F7556}") = "generate_image", "mslearn-openai-main\Labfiles\05-image-generation\CSharp\generate_image.csproj", "{F1C240B7-5C0B-42DC-B8EB-565749504B4D}"
EndProject
Project("{2150E333-8FDC-42A3-9474-1A3956D46DE8}") = "06-use-own-data", "06-use-own-data", "{DBCAAD1F-95FD-46E9-9067-B3B37EB2059C}"
EndProject
Project("{9A19103F-16F7-4668-BE54-9A1E7A4F7556}") = "CSharp", "mslearn-openai-main\Labfiles\06-use-own-data\CSharp\CSharp.csproj", "{58FB8571-54C7-4F4B-A9AB-1CFE1A508B78}"
EndProject
Project("{2150E333-8FDC-42A3-9474-1A3956D46DE8}") = "mslearn-ai-language-main", "mslearn-ai-language-main", "{590651F6-34D5-43D4-9E0B-0BB8C29F57B0}"
EndProject
Project("{2150E333-8FDC-42A3-9474-1A3956D46DE8}") = "Labfiles", "Labfiles", "{BD7B858F-71E4-4FC5-BAC1-C38F2F195EA4}"
EndProject
Project("{2150E333-8FDC-42A3-9474-1A3956D46DE8}") = "01-analyze-text", "01-analyze-text", "{C5665577-D507-4A4A-B578-48F4389EC206}"
EndProject
Project("{2150E333-8FDC-42A3-9474-1A3956D46DE8}") = "C-Sharp", "C-Sharp", "{4413A377-51B6-4A53-A62F-99B301DB2070}"
EndProject
Project("{9A19103F-16F7-4668-BE54-9A1E7A4F7556}") = "text-analysis", "mslearn-ai-language-main\Labfiles\01-analyze-text\C-Sharp\text-analysis\text-analysis.csproj", "{F2F237BC-B1E1-4AE5-9BF3-4A352537867D}"
EndProject
Project("{2150E333-8FDC-42A3-9474-1A3956D46DE8}") = "02-qna", "02-qna", "{5EF6D4C4-202A-425B-8DFA-385FF2DC42D3}"
EndProject
Project("{2150E333-8FDC-42A3-9474-1A3956D46DE8}") = "C-Sharp", "C-Sharp", "{92DCF29C-26F7-4279-9809-81D95248263F}"
EndProject
Project("{9A19103F-16F7-4668-BE54-9A1E7A4F7556}") = "qna-app", "mslearn-ai-language-main\Labfiles\02-qna\C-Sharp\qna-app\qna-app.csproj", "{AA415A28-FA6E-4098-A87B-C56763A714D9}"
EndProject
Project("{2150E333-8FDC-42A3-9474-1A3956D46DE8}") = "03-language", "03-language", "{623C645C-0983-4DDB-9CB5-4D97EF16B4EC}"
EndProject
Project("{2150E333-8FDC-42A3-9474-1A3956D46DE8}") = "C-Sharp", "C-Sharp", "{5FED339D-95D7-439A-ADE0-470ED8A2A14F}"
EndProject
Project("{9A19103F-16F7-4668-BE54-9A1E7A4F7556}") = "clock_client", "mslearn-ai-language-main\Labfiles\03-language\C-Sharp\clock-client\clock_client.csproj", "{10AD9A3A-6ACE-4BC6-9D4E-58F4968CA98C}"
EndProject
Project("{2150E333-8FDC-42A3-9474-1A3956D46DE8}") = "04-text-classification", "04-text-classification", "{66F099E7-D6BB-444C-8EE1-88367FD3E1E2}"
EndProject
Project("{2150E333-8FDC-42A3-9474-1A3956D46DE8}") = "C-Sharp", "C-Sharp", "{0EBB7732-EDCB-4B83-B092-E70AEC2B407D}"
EndProject
Project("{9A19103F-16F7-4668-BE54-9A1E7A4F7556}") = "classify-text", "mslearn-ai-language-main\Labfiles\04-text-classification\C-Sharp\classify-text\classify-text.csproj", "{809892F2-1D7F-4448-9393-6D04BFA4887E}"
EndProject
Project("{2150E333-8FDC-42A3-9474-1A3956D46DE8}") = "05-custom-entity-recognition", "05-custom-entity-recognition", "{57B0A074-342F-4CF2-980F-36BFB02EB321}"
EndProject
Project("{2150E333-8FDC-42A3-9474-1A3956D46DE8}") = "C-Sharp", "C-Sharp", "{85EC9CD9-979B-42FA-961D-C5E21070BEC9}"
EndProject
Project("{9A19103F-16F7-4668-BE54-9A1E7A4F7556}") = "custom-entities", "mslearn-ai-language-main\Labfiles\05-custom-entity-recognition\C-Sharp\custom-entities\custom-entities.csproj", "{64A4A0D5-054B-4060-B933-F94DE401B775}"
EndProject
Project("{2150E333-8FDC-42A3-9474-1A3956D46DE8}") = "06-translate-text", "06-translate-text", "{8D8D0DEE-1C5E-4312-AE79-28FDF1DA10E8}"
EndProject
Project("{2150E333-8FDC-42A3-9474-1A3956D46DE8}") = "C-Sharp", "C-Sharp", "{395D7251-77A6-4033-A753-0AB0AE36671B}"
EndProject
Project("{9A19103F-16F7-4668-BE54-9A1E7A4F7556}") = "translate_text", "mslearn-ai-language-main\Labfiles\06-translate-text\C-Sharp\text-translation\translate_text.csproj", "{D6343C1A-E1C9-467C-ABFC-A23407CCDA65}"
EndProject
Project("{2150E333-8FDC-42A3-9474-1A3956D46DE8}") = "06b-translator-sdk", "06b-translator-sdk", "{D34888A6-94B3-4F44-AF86-EB3C809576B0}"
EndProject
Project("{2150E333-8FDC-42A3-9474-1A3956D46DE8}") = "C-Sharp", "C-Sharp", "{467AA43A-3012-4D98-B0D9-E95389B139D4}"
EndProject
Project("{9A19103F-16F7-4668-BE54-9A1E7A4F7556}") = "translate_text", "mslearn-ai-language-main\Labfiles\06b-translator-sdk\C-Sharp\translate-text\translate_text.csproj", "{72B01F0E-3B52-4367-8F89-62856B1DACDE}"
EndProject
Project("{2150E333-8FDC-42A3-9474-1A3956D46DE8}") = "07-speech", "07-speech", "{0A9A016B-0433-44AA-A559-41588020E607}"
EndProject
Project("{2150E333-8FDC-42A3-9474-1A3956D46DE8}") = "C-Sharp", "C-Sharp", "{8635BBE9-DF3A-4197-85C3-22F7274848DA}"
EndProject
Project("{9A19103F-16F7-4668-BE54-9A1E7A4F7556}") = "speaking-clock", "mslearn-ai-language-main\Labfiles\07-speech\C-Sharp\speaking-clock\speaking-clock.csproj", "{C29602C1-E14D-4E34-9E27-EE4F13502420}"
EndProject
Project("{2150E333-8FDC-42A3-9474-1A3956D46DE8}") = "08-speech-translation", "08-speech-translation", "{14048125-471B-4227-9241-68162671914D}"
EndProject
Project("{2150E333-8FDC-42A3-9474-1A3956D46DE8}") = "C-Sharp", "C-Sharp", "{ED7B3D3C-59C4-4858-93A0-1644A553B70A}"
EndProject
Project("{9A19103F-16F7-4668-BE54-9A1E7A4F7556}") = "translator", "mslearn-ai-language-main\Labfiles\08-speech-translation\C-Sharp\translator\translator.csproj", "{DA578F32-9DDA-4307-8860-A25AC66ADD62}"
EndProject
Project("{2150E333-8FDC-42A3-9474-1A3956D46DE8}") = "mslearn-ai-services-main", "mslearn-ai-services-main", "{7147A472-BE68-4789-9C79-FDD10DFEFFEC}"
EndProject
Project("{2150E333-8FDC-42A3-9474-1A3956D46DE8}") = "Labfiles", "Labfiles", "{59D7CFB1-056C-4673-B397-50A90C75E9D2}"
EndProject
Project("{2150E333-8FDC-42A3-9474-1A3956D46DE8}") = "01-use-azure-ai-services", "01-use-azure-ai-services", "{FEEC54E4-5ACD-4A7B-8D6D-050EA2EC1896}"
EndProject
Project("{2150E333-8FDC-42A3-9474-1A3956D46DE8}") = "C-Sharp", "C-Sharp", "{41BC9E15-BA49-4E76-8FD1-39DC1A2B2CA0}"
EndProject
Project("{9A19103F-16F7-4668-BE54-9A1E7A4F7556}") = "rest_client", "mslearn-ai-services-main\Labfiles\01-use-azure-ai-services\C-Sharp\rest-client\rest_client.csproj", "{CF552DD8-943E-420C-8EB3-E8C649E1BF34}"
EndProject
Project("{9A19103F-16F7-4668-BE54-9A1E7A4F7556}") = "sdk-client", "mslearn-ai-services-main\Labfiles\01-use-azure-ai-services\C-Sharp\sdk-client\sdk-client.csproj", "{4051D28D-149D-4958-BB73-BB887E421C9A}"
EndProject
Project("{2150E333-8FDC-42A3-9474-1A3956D46DE8}") = "02-ai-services-security", "02-ai-services-security", "{DA07E678-7A04-4A8D-BF19-E8974186FD28}"
EndProject
Project("{2150E333-8FDC-42A3-9474-1A3956D46DE8}") = "C-Sharp", "C-Sharp", "{3E896A98-493D-4EEB-BE3D-B28465B286A4}"
EndProject
Project("{9A19103F-16F7-4668-BE54-9A1E7A4F7556}") = "keyvault_client", "mslearn-ai-services-main\Labfiles\02-ai-services-security\C-Sharp\keyvault_client\keyvault_client.csproj", "{B42DB3B7-5DB1-4FA7-9F46-0D836A06C367}"
EndProject
Project("{2150E333-8FDC-42A3-9474-1A3956D46DE8}") = "mslearn-ai-vision-main", "mslearn-ai-vision-main", "{483ED5E1-9E75-4A7F-AE50-F1905C14402C}"
EndProject
Project("{2150E333-8FDC-42A3-9474-1A3956D46DE8}") = "Labfiles", "Labfiles", "{856A1D9D-4A03-4466-8C48-51399F35B13E}"
EndProject
Project("{2150E333-8FDC-42A3-9474-1A3956D46DE8}") = "01-analyze-images", "01-analyze-images", "{608D7ED0-7611-44EE-A043-DB169EA9FF37}"
EndProject
Project("{2150E333-8FDC-42A3-9474-1A3956D46DE8}") = "C-Sharp", "C-Sharp", "{1F466B41-89D1-425C-B80A-9CD2275A1CFD}"
EndProject
Project("{9A19103F-16F7-4668-BE54-9A1E7A4F7556}") = "image-analysis", "mslearn-ai-vision-main\Labfiles\01-analyze-images\C-Sharp\image-analysis\image-analysis.csproj", "{F1156C04-2AA9-49AA-B2B3-68F6C0042035}"
EndProject
Project("{2150E333-8FDC-42A3-9474-1A3956D46DE8}") = "03-object-detection", "03-object-detection", "{D234B6AA-FFEF-4BA9-8ADA-AADEF413DCA6}"
EndProject
Project("{2150E333-8FDC-42A3-9474-1A3956D46DE8}") = "C-Sharp", "C-Sharp", "{9E44D305-3BB7-4487-B300-7E1C091ED1A6}"
EndProject
Project("{9A19103F-16F7-4668-BE54-9A1E7A4F7556}") = "test-detector", "mslearn-ai-vision-main\Labfiles\03-object-detection\C-Sharp\test-detector\test-detector.csproj", "{01BF50A6-F8A0-46C7-A54A-3B21F62AC1F4}"
EndProject
Project("{9A19103F-16F7-4668-BE54-9A1E7A4F7556}") = "train-detector", "mslearn-ai-vision-main\Labfiles\03-object-detection\C-Sharp\train-detector\train-detector.csproj", "{58B95E01-DBCA-40EC-A852-A04BCA94234B}"
EndProject
Project("{2150E333-8FDC-42A3-9474-1A3956D46DE8}") = "04-face", "04-face", "{6BFBC468-C5F5-4792-B82F-410740CD07C2}"
EndProject
Project("{2150E333-8FDC-42A3-9474-1A3956D46DE8}") = "C-Sharp", "C-Sharp", "{93E5B245-86F6-4BE4-9F7A-8154217020A4}"
EndProject
Project("{9A19103F-16F7-4668-BE54-9A1E7A4F7556}") = "detect-people", "mslearn-ai-vision-main\Labfiles\04-face\C-Sharp\computer-vision\detect-people.csproj", "{18B87F06-9539-4FBE-863C-FA00BE76997B}"
EndProject
Project("{9A19103F-16F7-4668-BE54-9A1E7A4F7556}") = "analyze-faces", "mslearn-ai-vision-main\Labfiles\04-face\C-Sharp\face-api\analyze-faces.csproj", "{3C61AE03-7389-4137-BA69-0337EAE48D8C}"
EndProject
Project("{2150E333-8FDC-42A3-9474-1A3956D46DE8}") = "05-ocr", "05-ocr", "{0C52692B-44FB-4F8D-A24C-24663BBB424B}"
EndProject
Project("{2150E333-8FDC-42A3-9474-1A3956D46DE8}") = "C-Sharp", "C-Sharp", "{9D40585C-E522-4CA2-95EB-53F6A8A7A57C}"
EndProject
Project("{9A19103F-16F7-4668-BE54-9A1E7A4F7556}") = "read-text", "mslearn-ai-vision-main\Labfiles\05-ocr\C-Sharp\read-text\read-text.csproj", "{168A55E1-DCBA-4D20-B9DC-AFBD18ED2B2E}"
EndProject
Project("{2150E333-8FDC-42A3-9474-1A3956D46DE8}") = "07-custom-vision-image-classification", "07-custom-vision-image-classification", "{5B96AE91-00F5-49B1-B5D3-D74A71FA21C4}"
EndProject
Project("{2150E333-8FDC-42A3-9474-1A3956D46DE8}") = "C-Sharp", "C-Sharp", "{AE9E29FE-4C69-4555-85A6-105C873F280A}"
EndProject
Project("{9A19103F-16F7-4668-BE54-9A1E7A4F7556}") = "test-classifier", "mslearn-ai-vision-main\Labfiles\07-custom-vision-image-classification\C-Sharp\test-classifier\test-classifier.csproj", "{D1596A0E-79E4-4906-94D8-4DF3D092158F}"
EndProject
Project("{9A19103F-16F7-4668-BE54-9A1E7A4F7556}") = "train-classifier", "mslearn-ai-vision-main\Labfiles\07-custom-vision-image-classification\C-Sharp\train-classifier\train-classifier.csproj", "{A924D0BF-BC6C-431F-B428-E40716FE2B28}"
EndProject
Project("{2150E333-8FDC-42A3-9474-1A3956D46DE8}") = "01-azure-search", "01-azure-search", "{78D1893B-1791-4068-937C-26339EC41E1A}"
EndProject
Project("{2150E333-8FDC-42A3-9474-1A3956D46DE8}") = "C-Sharp", "C-Sharp", "{B58F5B90-9E9C-480D-936F-A332AF513E31}"
EndProject
Project("{9A19103F-16F7-4668-BE54-9A1E7A4F7556}") = "search-client", "mslearn-knowledge-mining-main\Labfiles\01-azure-search\C-Sharp\margies-travel\search-client.csproj", "{C824190B-1DBC-4CB8-BECF-A2680323EE8B}"
EndProject
Project("{2150E333-8FDC-42A3-9474-1A3956D46DE8}") = "sample-code", "sample-code", "{7EDA6133-3221-46B4-B7DC-06BFD203B0CB}"
EndProject
Project("{9A19103F-16F7-4668-BE54-9A1E7A4F7556}") = "CSharp", "mslearn-openai-main\Labfiles\04-code-generation\sample-code\go-fish\CSharp.csproj", "{D71D7FA8-63D8-4946-8398-9704AA518771}"
EndProject
Global
	GlobalSection(SolutionConfigurationPlatforms) = preSolution
		Debug|Any CPU = Debug|Any CPU
		Release|Any CPU = Release|Any CPU
	EndGlobalSection
	GlobalSection(ProjectConfigurationPlatforms) = postSolution
		{35CEFB33-787F-4658-8557-FC822A74F81D}.Debug|Any CPU.ActiveCfg = Debug|Any CPU
		{35CEFB33-787F-4658-8557-FC822A74F81D}.Debug|Any CPU.Build.0 = Debug|Any CPU
		{35CEFB33-787F-4658-8557-FC822A74F81D}.Release|Any CPU.ActiveCfg = Release|Any CPU
		{35CEFB33-787F-4658-8557-FC822A74F81D}.Release|Any CPU.Build.0 = Release|Any CPU
		{0ED4715B-4097-45E5-8ACA-518FFF99854A}.Debug|Any CPU.ActiveCfg = Debug|Any CPU
		{0ED4715B-4097-45E5-8ACA-518FFF99854A}.Debug|Any CPU.Build.0 = Debug|Any CPU
		{0ED4715B-4097-45E5-8ACA-518FFF99854A}.Release|Any CPU.ActiveCfg = Release|Any CPU
		{0ED4715B-4097-45E5-8ACA-518FFF99854A}.Release|Any CPU.Build.0 = Release|Any CPU
		{4A3D1A7D-AB1B-4942-87DB-3E6481416E4E}.Debug|Any CPU.ActiveCfg = Debug|Any CPU
		{4A3D1A7D-AB1B-4942-87DB-3E6481416E4E}.Debug|Any CPU.Build.0 = Debug|Any CPU
		{4A3D1A7D-AB1B-4942-87DB-3E6481416E4E}.Release|Any CPU.ActiveCfg = Release|Any CPU
		{4A3D1A7D-AB1B-4942-87DB-3E6481416E4E}.Release|Any CPU.Build.0 = Release|Any CPU
		{28E9A999-1107-46B2-9764-514B855CA4D2}.Debug|Any CPU.ActiveCfg = Debug|Any CPU
		{28E9A999-1107-46B2-9764-514B855CA4D2}.Debug|Any CPU.Build.0 = Debug|Any CPU
		{28E9A999-1107-46B2-9764-514B855CA4D2}.Release|Any CPU.ActiveCfg = Release|Any CPU
		{28E9A999-1107-46B2-9764-514B855CA4D2}.Release|Any CPU.Build.0 = Release|Any CPU
		{179ED1F6-631E-4404-BE4C-27F11FA86AC4}.Debug|Any CPU.ActiveCfg = Debug|Any CPU
		{179ED1F6-631E-4404-BE4C-27F11FA86AC4}.Debug|Any CPU.Build.0 = Debug|Any CPU
		{179ED1F6-631E-4404-BE4C-27F11FA86AC4}.Release|Any CPU.ActiveCfg = Release|Any CPU
		{179ED1F6-631E-4404-BE4C-27F11FA86AC4}.Release|Any CPU.Build.0 = Release|Any CPU
		{4CEA521F-86C8-4228-B311-3B772BB4C397}.Debug|Any CPU.ActiveCfg = Debug|Any CPU
		{4CEA521F-86C8-4228-B311-3B772BB4C397}.Debug|Any CPU.Build.0 = Debug|Any CPU
		{4CEA521F-86C8-4228-B311-3B772BB4C397}.Release|Any CPU.ActiveCfg = Release|Any CPU
		{4CEA521F-86C8-4228-B311-3B772BB4C397}.Release|Any CPU.Build.0 = Release|Any CPU
		{F1C240B7-5C0B-42DC-B8EB-565749504B4D}.Debug|Any CPU.ActiveCfg = Debug|Any CPU
		{F1C240B7-5C0B-42DC-B8EB-565749504B4D}.Debug|Any CPU.Build.0 = Debug|Any CPU
		{F1C240B7-5C0B-42DC-B8EB-565749504B4D}.Release|Any CPU.ActiveCfg = Release|Any CPU
		{F1C240B7-5C0B-42DC-B8EB-565749504B4D}.Release|Any CPU.Build.0 = Release|Any CPU
		{58FB8571-54C7-4F4B-A9AB-1CFE1A508B78}.Debug|Any CPU.ActiveCfg = Debug|Any CPU
		{58FB8571-54C7-4F4B-A9AB-1CFE1A508B78}.Debug|Any CPU.Build.0 = Debug|Any CPU
		{58FB8571-54C7-4F4B-A9AB-1CFE1A508B78}.Release|Any CPU.ActiveCfg = Release|Any CPU
		{58FB8571-54C7-4F4B-A9AB-1CFE1A508B78}.Release|Any CPU.Build.0 = Release|Any CPU
		{F2F237BC-B1E1-4AE5-9BF3-4A352537867D}.Debug|Any CPU.ActiveCfg = Debug|Any CPU
		{F2F237BC-B1E1-4AE5-9BF3-4A352537867D}.Debug|Any CPU.Build.0 = Debug|Any CPU
		{F2F237BC-B1E1-4AE5-9BF3-4A352537867D}.Release|Any CPU.ActiveCfg = Release|Any CPU
		{F2F237BC-B1E1-4AE5-9BF3-4A352537867D}.Release|Any CPU.Build.0 = Release|Any CPU
		{AA415A28-FA6E-4098-A87B-C56763A714D9}.Debug|Any CPU.ActiveCfg = Debug|Any CPU
		{AA415A28-FA6E-4098-A87B-C56763A714D9}.Debug|Any CPU.Build.0 = Debug|Any CPU
		{AA415A28-FA6E-4098-A87B-C56763A714D9}.Release|Any CPU.ActiveCfg = Release|Any CPU
		{AA415A28-FA6E-4098-A87B-C56763A714D9}.Release|Any CPU.Build.0 = Release|Any CPU
		{10AD9A3A-6ACE-4BC6-9D4E-58F4968CA98C}.Debug|Any CPU.ActiveCfg = Debug|Any CPU
		{10AD9A3A-6ACE-4BC6-9D4E-58F4968CA98C}.Debug|Any CPU.Build.0 = Debug|Any CPU
		{10AD9A3A-6ACE-4BC6-9D4E-58F4968CA98C}.Release|Any CPU.ActiveCfg = Release|Any CPU
		{10AD9A3A-6ACE-4BC6-9D4E-58F4968CA98C}.Release|Any CPU.Build.0 = Release|Any CPU
		{809892F2-1D7F-4448-9393-6D04BFA4887E}.Debug|Any CPU.ActiveCfg = Debug|Any CPU
		{809892F2-1D7F-4448-9393-6D04BFA4887E}.Debug|Any CPU.Build.0 = Debug|Any CPU
		{809892F2-1D7F-4448-9393-6D04BFA4887E}.Release|Any CPU.ActiveCfg = Release|Any CPU
		{809892F2-1D7F-4448-9393-6D04BFA4887E}.Release|Any CPU.Build.0 = Release|Any CPU
		{64A4A0D5-054B-4060-B933-F94DE401B775}.Debug|Any CPU.ActiveCfg = Debug|Any CPU
		{64A4A0D5-054B-4060-B933-F94DE401B775}.Debug|Any CPU.Build.0 = Debug|Any CPU
		{64A4A0D5-054B-4060-B933-F94DE401B775}.Release|Any CPU.ActiveCfg = Release|Any CPU
		{64A4A0D5-054B-4060-B933-F94DE401B775}.Release|Any CPU.Build.0 = Release|Any CPU
		{D6343C1A-E1C9-467C-ABFC-A23407CCDA65}.Debug|Any CPU.ActiveCfg = Debug|Any CPU
		{D6343C1A-E1C9-467C-ABFC-A23407CCDA65}.Debug|Any CPU.Build.0 = Debug|Any CPU
		{D6343C1A-E1C9-467C-ABFC-A23407CCDA65}.Release|Any CPU.ActiveCfg = Release|Any CPU
		{D6343C1A-E1C9-467C-ABFC-A23407CCDA65}.Release|Any CPU.Build.0 = Release|Any CPU
		{72B01F0E-3B52-4367-8F89-62856B1DACDE}.Debug|Any CPU.ActiveCfg = Debug|Any CPU
		{72B01F0E-3B52-4367-8F89-62856B1DACDE}.Debug|Any CPU.Build.0 = Debug|Any CPU
		{72B01F0E-3B52-4367-8F89-62856B1DACDE}.Release|Any CPU.ActiveCfg = Release|Any CPU
		{72B01F0E-3B52-4367-8F89-62856B1DACDE}.Release|Any CPU.Build.0 = Release|Any CPU
		{C29602C1-E14D-4E34-9E27-EE4F13502420}.Debug|Any CPU.ActiveCfg = Debug|Any CPU
		{C29602C1-E14D-4E34-9E27-EE4F13502420}.Debug|Any CPU.Build.0 = Debug|Any CPU
		{C29602C1-E14D-4E34-9E27-EE4F13502420}.Release|Any CPU.ActiveCfg = Release|Any CPU
		{C29602C1-E14D-4E34-9E27-EE4F13502420}.Release|Any CPU.Build.0 = Release|Any CPU
		{DA578F32-9DDA-4307-8860-A25AC66ADD62}.Debug|Any CPU.ActiveCfg = Debug|Any CPU
		{DA578F32-9DDA-4307-8860-A25AC66ADD62}.Debug|Any CPU.Build.0 = Debug|Any CPU
		{DA578F32-9DDA-4307-8860-A25AC66ADD62}.Release|Any CPU.ActiveCfg = Release|Any CPU
		{DA578F32-9DDA-4307-8860-A25AC66ADD62}.Release|Any CPU.Build.0 = Release|Any CPU
		{CF552DD8-943E-420C-8EB3-E8C649E1BF34}.Debug|Any CPU.ActiveCfg = Debug|Any CPU
		{CF552DD8-943E-420C-8EB3-E8C649E1BF34}.Debug|Any CPU.Build.0 = Debug|Any CPU
		{CF552DD8-943E-420C-8EB3-E8C649E1BF34}.Release|Any CPU.ActiveCfg = Release|Any CPU
		{CF552DD8-943E-420C-8EB3-E8C649E1BF34}.Release|Any CPU.Build.0 = Release|Any CPU
		{4051D28D-149D-4958-BB73-BB887E421C9A}.Debug|Any CPU.ActiveCfg = Debug|Any CPU
		{4051D28D-149D-4958-BB73-BB887E421C9A}.Debug|Any CPU.Build.0 = Debug|Any CPU
		{4051D28D-149D-4958-BB73-BB887E421C9A}.Release|Any CPU.ActiveCfg = Release|Any CPU
		{4051D28D-149D-4958-BB73-BB887E421C9A}.Release|Any CPU.Build.0 = Release|Any CPU
		{B42DB3B7-5DB1-4FA7-9F46-0D836A06C367}.Debug|Any CPU.ActiveCfg = Debug|Any CPU
		{B42DB3B7-5DB1-4FA7-9F46-0D836A06C367}.Debug|Any CPU.Build.0 = Debug|Any CPU
		{B42DB3B7-5DB1-4FA7-9F46-0D836A06C367}.Release|Any CPU.ActiveCfg = Release|Any CPU
		{B42DB3B7-5DB1-4FA7-9F46-0D836A06C367}.Release|Any CPU.Build.0 = Release|Any CPU
		{F1156C04-2AA9-49AA-B2B3-68F6C0042035}.Debug|Any CPU.ActiveCfg = Debug|Any CPU
		{F1156C04-2AA9-49AA-B2B3-68F6C0042035}.Debug|Any CPU.Build.0 = Debug|Any CPU
		{F1156C04-2AA9-49AA-B2B3-68F6C0042035}.Release|Any CPU.ActiveCfg = Release|Any CPU
		{F1156C04-2AA9-49AA-B2B3-68F6C0042035}.Release|Any CPU.Build.0 = Release|Any CPU
		{01BF50A6-F8A0-46C7-A54A-3B21F62AC1F4}.Debug|Any CPU.ActiveCfg = Debug|Any CPU
		{01BF50A6-F8A0-46C7-A54A-3B21F62AC1F4}.Debug|Any CPU.Build.0 = Debug|Any CPU
		{01BF50A6-F8A0-46C7-A54A-3B21F62AC1F4}.Release|Any CPU.ActiveCfg = Release|Any CPU
		{01BF50A6-F8A0-46C7-A54A-3B21F62AC1F4}.Release|Any CPU.Build.0 = Release|Any CPU
		{58B95E01-DBCA-40EC-A852-A04BCA94234B}.Debug|Any CPU.ActiveCfg = Debug|Any CPU
		{58B95E01-DBCA-40EC-A852-A04BCA94234B}.Debug|Any CPU.Build.0 = Debug|Any CPU
		{58B95E01-DBCA-40EC-A852-A04BCA94234B}.Release|Any CPU.ActiveCfg = Release|Any CPU
		{58B95E01-DBCA-40EC-A852-A04BCA94234B}.Release|Any CPU.Build.0 = Release|Any CPU
		{18B87F06-9539-4FBE-863C-FA00BE76997B}.Debug|Any CPU.ActiveCfg = Debug|Any CPU
		{18B87F06-9539-4FBE-863C-FA00BE76997B}.Debug|Any CPU.Build.0 = Debug|Any CPU
		{18B87F06-9539-4FBE-863C-FA00BE76997B}.Release|Any CPU.ActiveCfg = Release|Any CPU
		{18B87F06-9539-4FBE-863C-FA00BE76997B}.Release|Any CPU.Build.0 = Release|Any CPU
		{3C61AE03-7389-4137-BA69-0337EAE48D8C}.Debug|Any CPU.ActiveCfg = Debug|Any CPU
		{3C61AE03-7389-4137-BA69-0337EAE48D8C}.Debug|Any CPU.Build.0 = Debug|Any CPU
		{3C61AE03-7389-4137-BA69-0337EAE48D8C}.Release|Any CPU.ActiveCfg = Release|Any CPU
		{3C61AE03-7389-4137-BA69-0337EAE48D8C}.Release|Any CPU.Build.0 = Release|Any CPU
		{168A55E1-DCBA-4D20-B9DC-AFBD18ED2B2E}.Debug|Any CPU.ActiveCfg = Debug|Any CPU
		{168A55E1-DCBA-4D20-B9DC-AFBD18ED2B2E}.Debug|Any CPU.Build.0 = Debug|Any CPU
		{168A55E1-DCBA-4D20-B9DC-AFBD18ED2B2E}.Release|Any CPU.ActiveCfg = Release|Any CPU
		{168A55E1-DCBA-4D20-B9DC-AFBD18ED2B2E}.Release|Any CPU.Build.0 = Release|Any CPU
		{D1596A0E-79E4-4906-94D8-4DF3D092158F}.Debug|Any CPU.ActiveCfg = Debug|Any CPU
		{D1596A0E-79E4-4906-94D8-4DF3D092158F}.Debug|Any CPU.Build.0 = Debug|Any CPU
		{D1596A0E-79E4-4906-94D8-4DF3D092158F}.Release|Any CPU.ActiveCfg = Release|Any CPU
		{D1596A0E-79E4-4906-94D8-4DF3D092158F}.Release|Any CPU.Build.0 = Release|Any CPU
		{A924D0BF-BC6C-431F-B428-E40716FE2B28}.Debug|Any CPU.ActiveCfg = Debug|Any CPU
		{A924D0BF-BC6C-431F-B428-E40716FE2B28}.Debug|Any CPU.Build.0 = Debug|Any CPU
		{A924D0BF-BC6C-431F-B428-E40716FE2B28}.Release|Any CPU.ActiveCfg = Release|Any CPU
		{A924D0BF-BC6C-431F-B428-E40716FE2B28}.Release|Any CPU.Build.0 = Release|Any CPU
		{C824190B-1DBC-4CB8-BECF-A2680323EE8B}.Debug|Any CPU.ActiveCfg = Debug|Any CPU
		{C824190B-1DBC-4CB8-BECF-A2680323EE8B}.Debug|Any CPU.Build.0 = Debug|Any CPU
		{C824190B-1DBC-4CB8-BECF-A2680323EE8B}.Release|Any CPU.ActiveCfg = Release|Any CPU
		{C824190B-1DBC-4CB8-BECF-A2680323EE8B}.Release|Any CPU.Build.0 = Release|Any CPU
		{D71D7FA8-63D8-4946-8398-9704AA518771}.Debug|Any CPU.ActiveCfg = Debug|Any CPU
		{D71D7FA8-63D8-4946-8398-9704AA518771}.Debug|Any CPU.Build.0 = Debug|Any CPU
		{D71D7FA8-63D8-4946-8398-9704AA518771}.Release|Any CPU.ActiveCfg = Release|Any CPU
		{D71D7FA8-63D8-4946-8398-9704AA518771}.Release|Any CPU.Build.0 = Release|Any CPU
	EndGlobalSection
	GlobalSection(SolutionProperties) = preSolution
		HideSolutionNode = FALSE
	EndGlobalSection
	GlobalSection(NestedProjects) = preSolution
		{2C275D48-7EC9-497E-95E8-B6993B4C0409} = {0C7729C5-11FA-4167-88BE-90072D18E1B1}
		{5B8CEDE8-1586-472F-8552-08525CA84715} = {2C275D48-7EC9-497E-95E8-B6993B4C0409}
		{35CEFB33-787F-4658-8557-FC822A74F81D} = {5B8CEDE8-1586-472F-8552-08525CA84715}
		{F9D9CE30-825D-4418-8798-D8C339522D00} = {2C275D48-7EC9-497E-95E8-B6993B4C0409}
		{0ED4715B-4097-45E5-8ACA-518FFF99854A} = {F9D9CE30-825D-4418-8798-D8C339522D00}
		{57732E4B-AD7D-4DD3-9196-CC4CC6ECC47A} = {5A2210FD-D283-4F41-A73D-11BBA327D0EE}
		{555BC4B9-E778-493E-B75D-54A8A0E2CB21} = {57732E4B-AD7D-4DD3-9196-CC4CC6ECC47A}
		{4A3D1A7D-AB1B-4942-87DB-3E6481416E4E} = {555BC4B9-E778-493E-B75D-54A8A0E2CB21}
		{1EBB291F-7EBA-418C-9575-46C7FD60D70E} = {3509BA82-109C-4197-B2C4-740A3297F563}
		{20040D87-BF96-4BAC-8639-E46FA4D53B5E} = {1EBB291F-7EBA-418C-9575-46C7FD60D70E}
		{28E9A999-1107-46B2-9764-514B855CA4D2} = {20040D87-BF96-4BAC-8639-E46FA4D53B5E}
		{8C334381-B21C-4382-A00E-DD13C37BFB50} = {1EBB291F-7EBA-418C-9575-46C7FD60D70E}
		{179ED1F6-631E-4404-BE4C-27F11FA86AC4} = {8C334381-B21C-4382-A00E-DD13C37BFB50}
		{BAA1D9E2-B418-4B56-B88C-5263352B36BE} = {1EBB291F-7EBA-418C-9575-46C7FD60D70E}
		{4CEA521F-86C8-4228-B311-3B772BB4C397} = {BAA1D9E2-B418-4B56-B88C-5263352B36BE}
		{6A0A5270-55F5-44C6-B742-C051786BDA1F} = {1EBB291F-7EBA-418C-9575-46C7FD60D70E}
		{F1C240B7-5C0B-42DC-B8EB-565749504B4D} = {6A0A5270-55F5-44C6-B742-C051786BDA1F}
		{DBCAAD1F-95FD-46E9-9067-B3B37EB2059C} = {1EBB291F-7EBA-418C-9575-46C7FD60D70E}
		{58FB8571-54C7-4F4B-A9AB-1CFE1A508B78} = {DBCAAD1F-95FD-46E9-9067-B3B37EB2059C}
		{BD7B858F-71E4-4FC5-BAC1-C38F2F195EA4} = {590651F6-34D5-43D4-9E0B-0BB8C29F57B0}
		{C5665577-D507-4A4A-B578-48F4389EC206} = {BD7B858F-71E4-4FC5-BAC1-C38F2F195EA4}
		{4413A377-51B6-4A53-A62F-99B301DB2070} = {C5665577-D507-4A4A-B578-48F4389EC206}
		{F2F237BC-B1E1-4AE5-9BF3-4A352537867D} = {4413A377-51B6-4A53-A62F-99B301DB2070}
		{5EF6D4C4-202A-425B-8DFA-385FF2DC42D3} = {BD7B858F-71E4-4FC5-BAC1-C38F2F195EA4}
		{92DCF29C-26F7-4279-9809-81D95248263F} = {5EF6D4C4-202A-425B-8DFA-385FF2DC42D3}
		{AA415A28-FA6E-4098-A87B-C56763A714D9} = {92DCF29C-26F7-4279-9809-81D95248263F}
		{623C645C-0983-4DDB-9CB5-4D97EF16B4EC} = {BD7B858F-71E4-4FC5-BAC1-C38F2F195EA4}
		{5FED339D-95D7-439A-ADE0-470ED8A2A14F} = {623C645C-0983-4DDB-9CB5-4D97EF16B4EC}
		{10AD9A3A-6ACE-4BC6-9D4E-58F4968CA98C} = {5FED339D-95D7-439A-ADE0-470ED8A2A14F}
		{66F099E7-D6BB-444C-8EE1-88367FD3E1E2} = {BD7B858F-71E4-4FC5-BAC1-C38F2F195EA4}
		{0EBB7732-EDCB-4B83-B092-E70AEC2B407D} = {66F099E7-D6BB-444C-8EE1-88367FD3E1E2}
		{809892F2-1D7F-4448-9393-6D04BFA4887E} = {0EBB7732-EDCB-4B83-B092-E70AEC2B407D}
		{57B0A074-342F-4CF2-980F-36BFB02EB321} = {BD7B858F-71E4-4FC5-BAC1-C38F2F195EA4}
		{85EC9CD9-979B-42FA-961D-C5E21070BEC9} = {57B0A074-342F-4CF2-980F-36BFB02EB321}
		{64A4A0D5-054B-4060-B933-F94DE401B775} = {85EC9CD9-979B-42FA-961D-C5E21070BEC9}
		{8D8D0DEE-1C5E-4312-AE79-28FDF1DA10E8} = {BD7B858F-71E4-4FC5-BAC1-C38F2F195EA4}
		{395D7251-77A6-4033-A753-0AB0AE36671B} = {8D8D0DEE-1C5E-4312-AE79-28FDF1DA10E8}
		{D6343C1A-E1C9-467C-ABFC-A23407CCDA65} = {395D7251-77A6-4033-A753-0AB0AE36671B}
		{D34888A6-94B3-4F44-AF86-EB3C809576B0} = {BD7B858F-71E4-4FC5-BAC1-C38F2F195EA4}
		{467AA43A-3012-4D98-B0D9-E95389B139D4} = {D34888A6-94B3-4F44-AF86-EB3C809576B0}
		{72B01F0E-3B52-4367-8F89-62856B1DACDE} = {467AA43A-3012-4D98-B0D9-E95389B139D4}
		{0A9A016B-0433-44AA-A559-41588020E607} = {BD7B858F-71E4-4FC5-BAC1-C38F2F195EA4}
		{8635BBE9-DF3A-4197-85C3-22F7274848DA} = {0A9A016B-0433-44AA-A559-41588020E607}
		{C29602C1-E14D-4E34-9E27-EE4F13502420} = {8635BBE9-DF3A-4197-85C3-22F7274848DA}
		{14048125-471B-4227-9241-68162671914D} = {BD7B858F-71E4-4FC5-BAC1-C38F2F195EA4}
		{ED7B3D3C-59C4-4858-93A0-1644A553B70A} = {14048125-471B-4227-9241-68162671914D}
		{DA578F32-9DDA-4307-8860-A25AC66ADD62} = {ED7B3D3C-59C4-4858-93A0-1644A553B70A}
		{59D7CFB1-056C-4673-B397-50A90C75E9D2} = {7147A472-BE68-4789-9C79-FDD10DFEFFEC}
		{FEEC54E4-5ACD-4A7B-8D6D-050EA2EC1896} = {59D7CFB1-056C-4673-B397-50A90C75E9D2}
		{41BC9E15-BA49-4E76-8FD1-39DC1A2B2CA0} = {FEEC54E4-5ACD-4A7B-8D6D-050EA2EC1896}
		{CF552DD8-943E-420C-8EB3-E8C649E1BF34} = {41BC9E15-BA49-4E76-8FD1-39DC1A2B2CA0}
		{4051D28D-149D-4958-BB73-BB887E421C9A} = {41BC9E15-BA49-4E76-8FD1-39DC1A2B2CA0}
		{DA07E678-7A04-4A8D-BF19-E8974186FD28} = {59D7CFB1-056C-4673-B397-50A90C75E9D2}
		{3E896A98-493D-4EEB-BE3D-B28465B286A4} = {DA07E678-7A04-4A8D-BF19-E8974186FD28}
		{B42DB3B7-5DB1-4FA7-9F46-0D836A06C367} = {3E896A98-493D-4EEB-BE3D-B28465B286A4}
		{856A1D9D-4A03-4466-8C48-51399F35B13E} = {483ED5E1-9E75-4A7F-AE50-F1905C14402C}
		{608D7ED0-7611-44EE-A043-DB169EA9FF37} = {856A1D9D-4A03-4466-8C48-51399F35B13E}
		{1F466B41-89D1-425C-B80A-9CD2275A1CFD} = {608D7ED0-7611-44EE-A043-DB169EA9FF37}
		{F1156C04-2AA9-49AA-B2B3-68F6C0042035} = {1F466B41-89D1-425C-B80A-9CD2275A1CFD}
		{D234B6AA-FFEF-4BA9-8ADA-AADEF413DCA6} = {856A1D9D-4A03-4466-8C48-51399F35B13E}
		{9E44D305-3BB7-4487-B300-7E1C091ED1A6} = {D234B6AA-FFEF-4BA9-8ADA-AADEF413DCA6}
		{01BF50A6-F8A0-46C7-A54A-3B21F62AC1F4} = {9E44D305-3BB7-4487-B300-7E1C091ED1A6}
		{58B95E01-DBCA-40EC-A852-A04BCA94234B} = {9E44D305-3BB7-4487-B300-7E1C091ED1A6}
		{6BFBC468-C5F5-4792-B82F-410740CD07C2} = {856A1D9D-4A03-4466-8C48-51399F35B13E}
		{93E5B245-86F6-4BE4-9F7A-8154217020A4} = {6BFBC468-C5F5-4792-B82F-410740CD07C2}
		{18B87F06-9539-4FBE-863C-FA00BE76997B} = {93E5B245-86F6-4BE4-9F7A-8154217020A4}
		{3C61AE03-7389-4137-BA69-0337EAE48D8C} = {93E5B245-86F6-4BE4-9F7A-8154217020A4}
		{0C52692B-44FB-4F8D-A24C-24663BBB424B} = {856A1D9D-4A03-4466-8C48-51399F35B13E}
		{9D40585C-E522-4CA2-95EB-53F6A8A7A57C} = {0C52692B-44FB-4F8D-A24C-24663BBB424B}
		{168A55E1-DCBA-4D20-B9DC-AFBD18ED2B2E} = {9D40585C-E522-4CA2-95EB-53F6A8A7A57C}
		{5B96AE91-00F5-49B1-B5D3-D74A71FA21C4} = {856A1D9D-4A03-4466-8C48-51399F35B13E}
		{AE9E29FE-4C69-4555-85A6-105C873F280A} = {5B96AE91-00F5-49B1-B5D3-D74A71FA21C4}
		{D1596A0E-79E4-4906-94D8-4DF3D092158F} = {AE9E29FE-4C69-4555-85A6-105C873F280A}
		{A924D0BF-BC6C-431F-B428-E40716FE2B28} = {AE9E29FE-4C69-4555-85A6-105C873F280A}
		{78D1893B-1791-4068-937C-26339EC41E1A} = {57732E4B-AD7D-4DD3-9196-CC4CC6ECC47A}
		{B58F5B90-9E9C-480D-936F-A332AF513E31} = {78D1893B-1791-4068-937C-26339EC41E1A}
		{C824190B-1DBC-4CB8-BECF-A2680323EE8B} = {B58F5B90-9E9C-480D-936F-A332AF513E31}
		{7EDA6133-3221-46B4-B7DC-06BFD203B0CB} = {BAA1D9E2-B418-4B56-B88C-5263352B36BE}
		{D71D7FA8-63D8-4946-8398-9704AA518771} = {7EDA6133-3221-46B4-B7DC-06BFD203B0CB}
	EndGlobalSection
	GlobalSection(ExtensibilityGlobals) = postSolution
		SolutionGuid = {6F7F8200-8D6C-440F-9F05-EC4EB5C45C26}
	EndGlobalSection
EndGlobal
